
Microsoft Visual Studio Solution File, Format Version 12.00
# Visual Studio Version 17
VisualStudioVersion = 17.12.35506.116 d17.12
MinimumVisualStudioVersion = 10.0.40219.1
Project("{FAE04EC0-301F-11D3-BF4B-00C04F79EFBC}") = "FightClub.Server", "FightClub.Server\FightClub.Server.csproj", "{F00CB673-1F8F-41CC-8102-B0CB89596121}"
EndProject
Project("{54A90642-561A-4BB1-A94E-469ADEE60C69}") = "fightclub.client", "fightclub.client\fightclub.client.esproj", "{DB30E9EC-5CFE-4A9E-92E5-F5B14914C6BF}"
EndProject
Global
	GlobalSection(SolutionConfigurationPlatforms) = preSolution
		Debug|Any CPU = Debug|Any CPU
		Release|Any CPU = Release|Any CPU
	EndGlobalSection
	GlobalSection(ProjectConfigurationPlatforms) = postSolution
		{F00CB673-1F8F-41CC-8102-B0CB89596121}.Debug|Any CPU.ActiveCfg = Debug|Any CPU
		{F00CB673-1F8F-41CC-8102-B0CB89596121}.Debug|Any CPU.Build.0 = Debug|Any CPU
		{F00CB673-1F8F-41CC-8102-B0CB89596121}.Release|Any CPU.ActiveCfg = Release|Any CPU
		{F00CB673-1F8F-41CC-8102-B0CB89596121}.Release|Any CPU.Build.0 = Release|Any CPU
		{DB30E9EC-5CFE-4A9E-92E5-F5B14914C6BF}.Debug|Any CPU.ActiveCfg = Debug|Any CPU
		{DB30E9EC-5CFE-4A9E-92E5-F5B14914C6BF}.Debug|Any CPU.Build.0 = Debug|Any CPU
		{DB30E9EC-5CFE-4A9E-92E5-F5B14914C6BF}.Debug|Any CPU.Deploy.0 = Debug|Any CPU
		{DB30E9EC-5CFE-4A9E-92E5-F5B14914C6BF}.Release|Any CPU.ActiveCfg = Release|Any CPU
		{DB30E9EC-5CFE-4A9E-92E5-F5B14914C6BF}.Release|Any CPU.Build.0 = Release|Any CPU
		{DB30E9EC-5CFE-4A9E-92E5-F5B14914C6BF}.Release|Any CPU.Deploy.0 = Release|Any CPU
	EndGlobalSection
	GlobalSection(SolutionProperties) = preSolution
		HideSolutionNode = FALSE
	EndGlobalSection
EndGlobal
